# This file is automatically @generated by Cargo.
# It is not intended for manual editing.
[[package]]
name = "frunk"
version = "0.3.1"
source = "registry+https://github.com/rust-lang/crates.io-index"
checksum = "524248aecad5da2d4dfd05e169356c7fb0551f69a6e6e603c87c9b5d17f05a11"
dependencies = [
 "frunk_core",
 "frunk_derives",
 "frunk_proc_macros",
]

[[package]]
name = "frunk_core"
version = "0.3.1"
source = "registry+https://github.com/rust-lang/crates.io-index"
checksum = "0e04cda45add94e71c2990de778ae13059897d77b773130a9bc225e2970c413e"

[[package]]
name = "frunk_derives"
version = "0.3.1"
source = "registry+https://github.com/rust-lang/crates.io-index"
checksum = "518d36753b461c1e26227deb493894187b62e389bd786c914aaa5d3e8f687724"
dependencies = [
 "frunk_proc_macro_helpers",
 "quote",
 "syn",
]

[[package]]
name = "frunk_proc_macro_helpers"
version = "0.0.4"
source = "registry+https://github.com/rust-lang/crates.io-index"
checksum = "e24546dac1974be0df3e61144eff911672404bad46a76f39f6c72829f6254dbe"
dependencies = [
 "frunk_core",
 "proc-macro2",
 "quote",
 "syn",
]

[[package]]
name = "frunk_proc_macros"
version = "0.0.4"
source = "registry+https://github.com/rust-lang/crates.io-index"
checksum = "b007ca4ce2e52dc57a04c1772899bd16089bd6d3612fac2abd83405f6423076f"
dependencies = [
 "frunk_core",
 "frunk_proc_macros_impl",
 "proc-macro-hack",
]

[[package]]
name = "frunk_proc_macros_impl"
version = "0.0.4"
source = "registry+https://github.com/rust-lang/crates.io-index"
checksum = "5acebadf092e95dfa8f86a35a587c7d62b2847ada44a57253da71a210305cd7c"
dependencies = [
 "frunk_core",
 "frunk_proc_macro_helpers",
 "proc-macro-hack",
 "quote",
 "syn",
]

[[package]]
name = "generic-array"
version = "0.13.2"
source = "registry+https://github.com/rust-lang/crates.io-index"
checksum = "0ed1e761351b56f54eb9dcd0cfaca9fd0daecf93918e1cfc01c8a3d26ee7adcd"
dependencies = [
 "typenum",
]

[[package]]
name = "proc-macro-hack"
version = "0.5.16"
source = "registry+https://github.com/rust-lang/crates.io-index"
checksum = "7e0456befd48169b9f13ef0f0ad46d492cf9d2dbb918bcf38e01eed4ce3ec5e4"

[[package]]
name = "proc-macro2"
version = "0.4.30"
source = "registry+https://github.com/rust-lang/crates.io-index"
checksum = "cf3d2011ab5c909338f7887f4fc896d35932e29146c12c8d01da6b22a80ba759"
dependencies = [
 "unicode-xid",
]

[[package]]
name = "quote"
version = "0.6.13"
source = "registry+https://github.com/rust-lang/crates.io-index"
checksum = "6ce23b6b870e8f94f81fb0a363d65d86675884b34a09043c81e5562f11c1f8e1"
dependencies = [
 "proc-macro2",
]

[[package]]
name = "syn"
version = "0.15.44"
source = "registry+https://github.com/rust-lang/crates.io-index"
checksum = "9ca4b3b69a77cbe1ffc9e198781b7acb0c7365a883670e8f1c1bc66fba79a5c5"
dependencies = [
 "proc-macro2",
 "quote",
 "unicode-xid",
]

[[package]]
name = "typenum"
version = "1.12.0"
source = "registry+https://github.com/rust-lang/crates.io-index"
checksum = "373c8a200f9e67a0c95e62a4f52fbf80c23b4381c05a17845531982fa99e6b33"

[[package]]
name = "unicode-xid"
version = "0.1.0"
source = "registry+https://github.com/rust-lang/crates.io-index"
checksum = "fc72304796d0818e357ead4e000d19c9c174ab23dc11093ac919054d20a6a7fc"

[[package]]
name = "zero-dl"
version = "0.1.0"
dependencies = [
 "frunk",
 "generic-array",
 "typenum",
]
